// !$*UTF8*$!
{
	archiveVersion = 1;
	classes = {
	};
	objectVersion = 46;
	objects = {

/* Begin PBXBuildFile section */
		000F7A711C21B18B00B89FE2 /* ParseCrashReporting.framework in Frameworks */ = {isa = PBXBuildFile; fileRef = 000F7A701C21B18B00B89FE2 /* ParseCrashReporting.framework */; };
		000F7A731C21B98500B89FE2 /* ChatViewController.swift in Sources */ = {isa = PBXBuildFile; fileRef = 000F7A721C21B98500B89FE2 /* ChatViewController.swift */; };
		000F7A751C21BD1600B89FE2 /* ChatCell.swift in Sources */ = {isa = PBXBuildFile; fileRef = 000F7A741C21BD1600B89FE2 /* ChatCell.swift */; };
		001B7E071C38D79B006C21C7 /* AkiraTextField.swift in Sources */ = {isa = PBXBuildFile; fileRef = 001B7DFB1C38D79B006C21C7 /* AkiraTextField.swift */; };
		001B7E081C38D79B006C21C7 /* HoshiTextField.swift in Sources */ = {isa = PBXBuildFile; fileRef = 001B7DFC1C38D79B006C21C7 /* HoshiTextField.swift */; };
		001B7E091C38D79B006C21C7 /* Info.plist in Resources */ = {isa = PBXBuildFile; fileRef = 001B7DFD1C38D79B006C21C7 /* Info.plist */; };
		001B7E0A1C38D79B006C21C7 /* IsaoTextField.swift in Sources */ = {isa = PBXBuildFile; fileRef = 001B7DFE1C38D79B006C21C7 /* IsaoTextField.swift */; };
		001B7E0B1C38D79B006C21C7 /* JiroTextField.swift in Sources */ = {isa = PBXBuildFile; fileRef = 001B7DFF1C38D79B006C21C7 /* JiroTextField.swift */; };
		001B7E0C1C38D79B006C21C7 /* KaedeTextField.swift in Sources */ = {isa = PBXBuildFile; fileRef = 001B7E001C38D79B006C21C7 /* KaedeTextField.swift */; };
		001B7E0D1C38D79B006C21C7 /* MadokaTextField.swift in Sources */ = {isa = PBXBuildFile; fileRef = 001B7E011C38D79B006C21C7 /* MadokaTextField.swift */; };
		001B7E0E1C38D79B006C21C7 /* MinoruTextField.swift in Sources */ = {isa = PBXBuildFile; fileRef = 001B7E021C38D79B006C21C7 /* MinoruTextField.swift */; };
		001B7E0F1C38D79B006C21C7 /* TextFieldsEffects.swift in Sources */ = {isa = PBXBuildFile; fileRef = 001B7E041C38D79B006C21C7 /* TextFieldsEffects.swift */; };
		001B7E101C38D79B006C21C7 /* YokoTextField.swift in Sources */ = {isa = PBXBuildFile; fileRef = 001B7E051C38D79B006C21C7 /* YokoTextField.swift */; };
		001B7E111C38D79B006C21C7 /* YoshikoTextField.swift in Sources */ = {isa = PBXBuildFile; fileRef = 001B7E061C38D79B006C21C7 /* YoshikoTextField.swift */; };
		001B7E171C38DCB1006C21C7 /* BorderBase Italic.ttf in Resources */ = {isa = PBXBuildFile; fileRef = 001B7E151C38DCB1006C21C7 /* BorderBase Italic.ttf */; };
		001B7E181C38DCB1006C21C7 /* BorderBase.ttf in Resources */ = {isa = PBXBuildFile; fileRef = 001B7E161C38DCB1006C21C7 /* BorderBase.ttf */; };
		001B7E1A1C38EAC7006C21C7 /* urZoneBackground.jpg in Resources */ = {isa = PBXBuildFile; fileRef = 001B7E191C38EAC7006C21C7 /* urZoneBackground.jpg */; };
		001B7E1C1C38EC82006C21C7 /* fbButton.png in Resources */ = {isa = PBXBuildFile; fileRef = 001B7E1B1C38EC82006C21C7 /* fbButton.png */; };
		001B7E1E1C38EC8A006C21C7 /* twitterButton.png in Resources */ = {isa = PBXBuildFile; fileRef = 001B7E1D1C38EC8A006C21C7 /* twitterButton.png */; };
		001B7E201C38ED19006C21C7 /* signUp.jpg in Resources */ = {isa = PBXBuildFile; fileRef = 001B7E1F1C38ED19006C21C7 /* signUp.jpg */; };
		001B7E2C1C38FAF5006C21C7 /* Add User-52.png in Resources */ = {isa = PBXBuildFile; fileRef = 001B7E2B1C38FAF5006C21C7 /* Add User-52.png */; };
		0074F13D1C3B7CD100BEFD47 /* Quote-50.png in Resources */ = {isa = PBXBuildFile; fileRef = 0074F13C1C3B7CD100BEFD47 /* Quote-50.png */; };
		0074F1821C3C2F9E00BEFD47 /* Contents.json in Resources */ = {isa = PBXBuildFile; fileRef = 0074F1761C3C2F9E00BEFD47 /* Contents.json */; };
		00B212581C260C3D0070E081 /* ParseUI.framework in Frameworks */ = {isa = PBXBuildFile; fileRef = 00B212571C260C3D0070E081 /* ParseUI.framework */; };
		00E0AB3D1C1A1EAB00A01934 /* SignInViewController.swift in Sources */ = {isa = PBXBuildFile; fileRef = 00E0AB3C1C1A1EAB00A01934 /* SignInViewController.swift */; };
		00E0AB431C1A219C00A01934 /* Bolts.framework in Frameworks */ = {isa = PBXBuildFile; fileRef = 00E0AB401C1A219C00A01934 /* Bolts.framework */; };
		00E0AB441C1A219C00A01934 /* Parse.framework in Frameworks */ = {isa = PBXBuildFile; fileRef = 00E0AB411C1A219C00A01934 /* Parse.framework */; };
		00E0AB4A1C1A2E5500A01934 /* FBSDKCoreKit.framework in Frameworks */ = {isa = PBXBuildFile; fileRef = 00E0AB471C1A2E5500A01934 /* FBSDKCoreKit.framework */; };
		00E0AB4B1C1A2E5500A01934 /* FBSDKLoginKit.framework in Frameworks */ = {isa = PBXBuildFile; fileRef = 00E0AB481C1A2E5500A01934 /* FBSDKLoginKit.framework */; };
		00E0AB4C1C1A2E5500A01934 /* FBSDKShareKit.framework in Frameworks */ = {isa = PBXBuildFile; fileRef = 00E0AB491C1A2E5500A01934 /* FBSDKShareKit.framework */; };
		00E0AB501C1A3B3300A01934 /* ParseFacebookUtilsV4.framework in Frameworks */ = {isa = PBXBuildFile; fileRef = 00E0AB4E1C1A3B3300A01934 /* ParseFacebookUtilsV4.framework */; };
		00E779E81C39E20500176802 /* 1451884235_Lock.png in Resources */ = {isa = PBXBuildFile; fileRef = 00E779E61C39E20500176802 /* 1451884235_Lock.png */; };
		00E779EA1C39EDF000176802 /* PasswordRecoverViewController.swift in Sources */ = {isa = PBXBuildFile; fileRef = 00E779E91C39EDF000176802 /* PasswordRecoverViewController.swift */; };
		00EF7C1C1C39127A00AC214F /* login-button.png in Resources */ = {isa = PBXBuildFile; fileRef = 00EF7C1B1C39127A00AC214F /* login-button.png */; };
		00FB8FFE1C3C9B0C006ED82D /* Quote-50-4.png in Resources */ = {isa = PBXBuildFile; fileRef = 00FB8FFD1C3C9B0C006ED82D /* Quote-50-4.png */; };
		00FB90021C3CA1C5006ED82D /* Quote-50-6.png in Resources */ = {isa = PBXBuildFile; fileRef = 00FB90011C3CA1C5006ED82D /* Quote-50-6.png */; };
		00FB90041C3CA6AC006ED82D /* Quote-50-7.png in Resources */ = {isa = PBXBuildFile; fileRef = 00FB90031C3CA6AC006ED82D /* Quote-50-7.png */; };
		00FB90061C3CAEA3006ED82D /* Quote-50-8.png in Resources */ = {isa = PBXBuildFile; fileRef = 00FB90051C3CAEA3006ED82D /* Quote-50-8.png */; };
		00FB90081C3CC723006ED82D /* FridgeChatViewController.swift in Sources */ = {isa = PBXBuildFile; fileRef = 00FB90071C3CC723006ED82D /* FridgeChatViewController.swift */; };
		00FB900A1C3CC73D006ED82D /* WindowChatViewController.swift in Sources */ = {isa = PBXBuildFile; fileRef = 00FB90091C3CC73D006ED82D /* WindowChatViewController.swift */; };
		00FB900C1C3CC75E006ED82D /* RRChatViewController.swift in Sources */ = {isa = PBXBuildFile; fileRef = 00FB900B1C3CC75E006ED82D /* RRChatViewController.swift */; };
		00FB900E1C3CC776006ED82D /* SamsChatViewController.swift in Sources */ = {isa = PBXBuildFile; fileRef = 00FB900D1C3CC776006ED82D /* SamsChatViewController.swift */; };
		00FB90121C3CC817006ED82D /* FridgeTableViewCell.swift in Sources */ = {isa = PBXBuildFile; fileRef = 00FB90111C3CC817006ED82D /* FridgeTableViewCell.swift */; };
		00FB90141C3CC826006ED82D /* WindowTableViewCell.swift in Sources */ = {isa = PBXBuildFile; fileRef = 00FB90131C3CC826006ED82D /* WindowTableViewCell.swift */; };
		00FB90161C3CC838006ED82D /* SamsTableViewCell.swift in Sources */ = {isa = PBXBuildFile; fileRef = 00FB90151C3CC838006ED82D /* SamsTableViewCell.swift */; };
		00FB90181C3CC889006ED82D /* RRTableViewCell.swift in Sources */ = {isa = PBXBuildFile; fileRef = 00FB90171C3CC889006ED82D /* RRTableViewCell.swift */; };
		B0D6A62A46096A13B9D683D0 /* Pods_UrZone.framework in Frameworks */ = {isa = PBXBuildFile; fileRef = 5195FD04410578C494BDA565 /* Pods_UrZone.framework */; };
		C31F84A31C2AEE2000366BA3 /* Main.storyboard in Resources */ = {isa = PBXBuildFile; fileRef = C31F84A21C2AEE2000366BA3 /* Main.storyboard */; };
		C35FBE431C286F530072DFA5 /* ClassicSignupViewController.swift in Sources */ = {isa = PBXBuildFile; fileRef = C35FBE421C286F530072DFA5 /* ClassicSignupViewController.swift */; };
		C37D63B81C19FE0D009C9C66 /* AppDelegate.swift in Sources */ = {isa = PBXBuildFile; fileRef = C37D63B71C19FE0D009C9C66 /* AppDelegate.swift */; };
		C37D63BF1C19FE0D009C9C66 /* Assets.xcassets in Resources */ = {isa = PBXBuildFile; fileRef = C37D63BE1C19FE0D009C9C66 /* Assets.xcassets */; };
		C37D63C21C19FE0D009C9C66 /* LaunchScreen.storyboard in Resources */ = {isa = PBXBuildFile; fileRef = C37D63C01C19FE0D009C9C66 /* LaunchScreen.storyboard */; };
		C37D63CA1C19FE6F009C9C66 /* Accounts.framework in Frameworks */ = {isa = PBXBuildFile; fileRef = C37D63C91C19FE6F009C9C66 /* Accounts.framework */; };
		C37D63CC1C19FE76009C9C66 /* Social.framework in Frameworks */ = {isa = PBXBuildFile; fileRef = C37D63CB1C19FE76009C9C66 /* Social.framework */; };
		C39F31601C2B17BE0003CE99 /* myZoneWav.wav in Resources */ = {isa = PBXBuildFile; fileRef = C39F315F1C2B17BE0003CE99 /* myZoneWav.wav */; };
		C3E3EF561C29B0D20014CD16 /* DetectBeaconsViewController.swift in Sources */ = {isa = PBXBuildFile; fileRef = C3E3EF551C29B0D20014CD16 /* DetectBeaconsViewController.swift */; };
/* End PBXBuildFile section */

/* Begin PBXFileReference section */
		000F7A701C21B18B00B89FE2 /* ParseCrashReporting.framework */ = {isa = PBXFileReference; lastKnownFileType = wrapper.framework; path = ParseCrashReporting.framework; sourceTree = "<group>"; };
		000F7A721C21B98500B89FE2 /* ChatViewController.swift */ = {isa = PBXFileReference; fileEncoding = 4; lastKnownFileType = sourcecode.swift; path = ChatViewController.swift; sourceTree = "<group>"; };
		000F7A741C21BD1600B89FE2 /* ChatCell.swift */ = {isa = PBXFileReference; fileEncoding = 4; lastKnownFileType = sourcecode.swift; path = ChatCell.swift; sourceTree = "<group>"; };
		001B7DFB1C38D79B006C21C7 /* AkiraTextField.swift */ = {isa = PBXFileReference; fileEncoding = 4; lastKnownFileType = sourcecode.swift; path = AkiraTextField.swift; sourceTree = "<group>"; };
		001B7DFC1C38D79B006C21C7 /* HoshiTextField.swift */ = {isa = PBXFileReference; fileEncoding = 4; lastKnownFileType = sourcecode.swift; path = HoshiTextField.swift; sourceTree = "<group>"; };
		001B7DFD1C38D79B006C21C7 /* Info.plist */ = {isa = PBXFileReference; fileEncoding = 4; lastKnownFileType = text.plist.xml; path = Info.plist; sourceTree = "<group>"; };
		001B7DFE1C38D79B006C21C7 /* IsaoTextField.swift */ = {isa = PBXFileReference; fileEncoding = 4; lastKnownFileType = sourcecode.swift; path = IsaoTextField.swift; sourceTree = "<group>"; };
		001B7DFF1C38D79B006C21C7 /* JiroTextField.swift */ = {isa = PBXFileReference; fileEncoding = 4; lastKnownFileType = sourcecode.swift; path = JiroTextField.swift; sourceTree = "<group>"; };
		001B7E001C38D79B006C21C7 /* KaedeTextField.swift */ = {isa = PBXFileReference; fileEncoding = 4; lastKnownFileType = sourcecode.swift; path = KaedeTextField.swift; sourceTree = "<group>"; };
		001B7E011C38D79B006C21C7 /* MadokaTextField.swift */ = {isa = PBXFileReference; fileEncoding = 4; lastKnownFileType = sourcecode.swift; path = MadokaTextField.swift; sourceTree = "<group>"; };
		001B7E021C38D79B006C21C7 /* MinoruTextField.swift */ = {isa = PBXFileReference; fileEncoding = 4; lastKnownFileType = sourcecode.swift; path = MinoruTextField.swift; sourceTree = "<group>"; };
		001B7E031C38D79B006C21C7 /* TextFieldEffects.h */ = {isa = PBXFileReference; fileEncoding = 4; lastKnownFileType = sourcecode.c.h; path = TextFieldEffects.h; sourceTree = "<group>"; };
		001B7E041C38D79B006C21C7 /* TextFieldsEffects.swift */ = {isa = PBXFileReference; fileEncoding = 4; lastKnownFileType = sourcecode.swift; path = TextFieldsEffects.swift; sourceTree = "<group>"; };
		001B7E051C38D79B006C21C7 /* YokoTextField.swift */ = {isa = PBXFileReference; fileEncoding = 4; lastKnownFileType = sourcecode.swift; path = YokoTextField.swift; sourceTree = "<group>"; };
		001B7E061C38D79B006C21C7 /* YoshikoTextField.swift */ = {isa = PBXFileReference; fileEncoding = 4; lastKnownFileType = sourcecode.swift; path = YoshikoTextField.swift; sourceTree = "<group>"; };
		001B7E151C38DCB1006C21C7 /* BorderBase Italic.ttf */ = {isa = PBXFileReference; lastKnownFileType = file; path = "BorderBase Italic.ttf"; sourceTree = "<group>"; };
		001B7E161C38DCB1006C21C7 /* BorderBase.ttf */ = {isa = PBXFileReference; lastKnownFileType = file; path = BorderBase.ttf; sourceTree = "<group>"; };
		001B7E191C38EAC7006C21C7 /* urZoneBackground.jpg */ = {isa = PBXFileReference; lastKnownFileType = image.jpeg; path = urZoneBackground.jpg; sourceTree = "<group>"; };
		001B7E1B1C38EC82006C21C7 /* fbButton.png */ = {isa = PBXFileReference; lastKnownFileType = image.png; path = fbButton.png; sourceTree = "<group>"; };
		001B7E1D1C38EC8A006C21C7 /* twitterButton.png */ = {isa = PBXFileReference; lastKnownFileType = image.png; path = twitterButton.png; sourceTree = "<group>"; };
		001B7E1F1C38ED19006C21C7 /* signUp.jpg */ = {isa = PBXFileReference; lastKnownFileType = image.jpeg; path = signUp.jpg; sourceTree = "<group>"; };
		001B7E2B1C38FAF5006C21C7 /* Add User-52.png */ = {isa = PBXFileReference; lastKnownFileType = image.png; path = "Add User-52.png"; sourceTree = "<group>"; };
		0074F13C1C3B7CD100BEFD47 /* Quote-50.png */ = {isa = PBXFileReference; lastKnownFileType = image.png; path = "Quote-50.png"; sourceTree = "<group>"; };
		0074F1761C3C2F9E00BEFD47 /* Contents.json */ = {isa = PBXFileReference; fileEncoding = 4; lastKnownFileType = text.json; path = Contents.json; sourceTree = "<group>"; };
		00B212571C260C3D0070E081 /* ParseUI.framework */ = {isa = PBXFileReference; lastKnownFileType = wrapper.framework; name = ParseUI.framework; path = UrZone/ParseUI.framework; sourceTree = "<group>"; };
		00E0AB3C1C1A1EAB00A01934 /* SignInViewController.swift */ = {isa = PBXFileReference; fileEncoding = 4; lastKnownFileType = sourcecode.swift; path = SignInViewController.swift; sourceTree = "<group>"; };
		00E0AB401C1A219C00A01934 /* Bolts.framework */ = {isa = PBXFileReference; lastKnownFileType = wrapper.framework; name = Bolts.framework; path = UrZone/Bolts.framework; sourceTree = "<group>"; };
		00E0AB411C1A219C00A01934 /* Parse.framework */ = {isa = PBXFileReference; lastKnownFileType = wrapper.framework; name = Parse.framework; path = UrZone/Parse.framework; sourceTree = "<group>"; };
		00E0AB471C1A2E5500A01934 /* FBSDKCoreKit.framework */ = {isa = PBXFileReference; lastKnownFileType = wrapper.framework; name = FBSDKCoreKit.framework; path = UrZone/FBSDKCoreKit.framework; sourceTree = "<group>"; };
		00E0AB481C1A2E5500A01934 /* FBSDKLoginKit.framework */ = {isa = PBXFileReference; lastKnownFileType = wrapper.framework; name = FBSDKLoginKit.framework; path = UrZone/FBSDKLoginKit.framework; sourceTree = "<group>"; };
		00E0AB491C1A2E5500A01934 /* FBSDKShareKit.framework */ = {isa = PBXFileReference; lastKnownFileType = wrapper.framework; name = FBSDKShareKit.framework; path = UrZone/FBSDKShareKit.framework; sourceTree = "<group>"; };
		00E0AB4E1C1A3B3300A01934 /* ParseFacebookUtilsV4.framework */ = {isa = PBXFileReference; lastKnownFileType = wrapper.framework; path = ParseFacebookUtilsV4.framework; sourceTree = "<group>"; };
		00E779E61C39E20500176802 /* 1451884235_Lock.png */ = {isa = PBXFileReference; lastKnownFileType = image.png; path = 1451884235_Lock.png; sourceTree = "<group>"; };
		00E779E91C39EDF000176802 /* PasswordRecoverViewController.swift */ = {isa = PBXFileReference; fileEncoding = 4; lastKnownFileType = sourcecode.swift; path = PasswordRecoverViewController.swift; sourceTree = "<group>"; };
		00EF7C1B1C39127A00AC214F /* login-button.png */ = {isa = PBXFileReference; lastKnownFileType = image.png; path = "login-button.png"; sourceTree = "<group>"; };
		00FB8FFD1C3C9B0C006ED82D /* Quote-50-4.png */ = {isa = PBXFileReference; lastKnownFileType = image.png; path = "Quote-50-4.png"; sourceTree = "<group>"; };
		00FB90011C3CA1C5006ED82D /* Quote-50-6.png */ = {isa = PBXFileReference; lastKnownFileType = image.png; path = "Quote-50-6.png"; sourceTree = "<group>"; };
		00FB90031C3CA6AC006ED82D /* Quote-50-7.png */ = {isa = PBXFileReference; lastKnownFileType = image.png; path = "Quote-50-7.png"; sourceTree = "<group>"; };
		00FB90051C3CAEA3006ED82D /* Quote-50-8.png */ = {isa = PBXFileReference; lastKnownFileType = image.png; path = "Quote-50-8.png"; sourceTree = "<group>"; };
		00FB90071C3CC723006ED82D /* FridgeChatViewController.swift */ = {isa = PBXFileReference; fileEncoding = 4; lastKnownFileType = sourcecode.swift; path = FridgeChatViewController.swift; sourceTree = "<group>"; };
		00FB90091C3CC73D006ED82D /* WindowChatViewController.swift */ = {isa = PBXFileReference; fileEncoding = 4; lastKnownFileType = sourcecode.swift; path = WindowChatViewController.swift; sourceTree = "<group>"; };
		00FB900B1C3CC75E006ED82D /* RRChatViewController.swift */ = {isa = PBXFileReference; fileEncoding = 4; lastKnownFileType = sourcecode.swift; path = RRChatViewController.swift; sourceTree = "<group>"; };
		00FB900D1C3CC776006ED82D /* SamsChatViewController.swift */ = {isa = PBXFileReference; fileEncoding = 4; lastKnownFileType = sourcecode.swift; path = SamsChatViewController.swift; sourceTree = "<group>"; };
		00FB90111C3CC817006ED82D /* FridgeTableViewCell.swift */ = {isa = PBXFileReference; fileEncoding = 4; lastKnownFileType = sourcecode.swift; path = FridgeTableViewCell.swift; sourceTree = "<group>"; };
		00FB90131C3CC826006ED82D /* WindowTableViewCell.swift */ = {isa = PBXFileReference; fileEncoding = 4; lastKnownFileType = sourcecode.swift; path = WindowTableViewCell.swift; sourceTree = "<group>"; };
		00FB90151C3CC838006ED82D /* SamsTableViewCell.swift */ = {isa = PBXFileReference; fileEncoding = 4; lastKnownFileType = sourcecode.swift; path = SamsTableViewCell.swift; sourceTree = "<group>"; };
		00FB90171C3CC889006ED82D /* RRTableViewCell.swift */ = {isa = PBXFileReference; fileEncoding = 4; lastKnownFileType = sourcecode.swift; path = RRTableViewCell.swift; sourceTree = "<group>"; };
		5195FD04410578C494BDA565 /* Pods_UrZone.framework */ = {isa = PBXFileReference; explicitFileType = wrapper.framework; includeInIndex = 0; path = Pods_UrZone.framework; sourceTree = BUILT_PRODUCTS_DIR; };
		56C2BDC888042443D29ABD78 /* Pods-UrZone.debug.xcconfig */ = {isa = PBXFileReference; includeInIndex = 1; lastKnownFileType = text.xcconfig; name = "Pods-UrZone.debug.xcconfig"; path = "Pods/Target Support Files/Pods-UrZone/Pods-UrZone.debug.xcconfig"; sourceTree = "<group>"; };
		608A0244C9211D69FFC8C5DF /* Pods-UrZone.release.xcconfig */ = {isa = PBXFileReference; includeInIndex = 1; lastKnownFileType = text.xcconfig; name = "Pods-UrZone.release.xcconfig"; path = "Pods/Target Support Files/Pods-UrZone/Pods-UrZone.release.xcconfig"; sourceTree = "<group>"; };
		C31F84A21C2AEE2000366BA3 /* Main.storyboard */ = {isa = PBXFileReference; fileEncoding = 4; lastKnownFileType = file.storyboard; path = Main.storyboard; sourceTree = "<group>"; };
		C35FBE421C286F530072DFA5 /* ClassicSignupViewController.swift */ = {isa = PBXFileReference; fileEncoding = 4; lastKnownFileType = sourcecode.swift; path = ClassicSignupViewController.swift; sourceTree = "<group>"; };
		C37D63B41C19FE0D009C9C66 /* UrZone.app */ = {isa = PBXFileReference; explicitFileType = wrapper.application; includeInIndex = 0; path = UrZone.app; sourceTree = BUILT_PRODUCTS_DIR; };
		C37D63B71C19FE0D009C9C66 /* AppDelegate.swift */ = {isa = PBXFileReference; lastKnownFileType = sourcecode.swift; path = AppDelegate.swift; sourceTree = "<group>"; };
		C37D63BE1C19FE0D009C9C66 /* Assets.xcassets */ = {isa = PBXFileReference; lastKnownFileType = folder.assetcatalog; path = Assets.xcassets; sourceTree = "<group>"; };
		C37D63C11C19FE0D009C9C66 /* Base */ = {isa = PBXFileReference; lastKnownFileType = file.storyboard; name = Base; path = Base.lproj/LaunchScreen.storyboard; sourceTree = "<group>"; };
		C37D63C31C19FE0D009C9C66 /* Info.plist */ = {isa = PBXFileReference; lastKnownFileType = text.plist.xml; path = Info.plist; sourceTree = "<group>"; };
		C37D63C91C19FE6F009C9C66 /* Accounts.framework */ = {isa = PBXFileReference; lastKnownFileType = wrapper.framework; name = Accounts.framework; path = System/Library/Frameworks/Accounts.framework; sourceTree = SDKROOT; };
		C37D63CB1C19FE76009C9C66 /* Social.framework */ = {isa = PBXFileReference; lastKnownFileType = wrapper.framework; name = Social.framework; path = System/Library/Frameworks/Social.framework; sourceTree = SDKROOT; };
		C39F315F1C2B17BE0003CE99 /* myZoneWav.wav */ = {isa = PBXFileReference; lastKnownFileType = audio.wav; path = myZoneWav.wav; sourceTree = "<group>"; };
		C3E3EF551C29B0D20014CD16 /* DetectBeaconsViewController.swift */ = {isa = PBXFileReference; fileEncoding = 4; lastKnownFileType = sourcecode.swift; path = DetectBeaconsViewController.swift; sourceTree = "<group>"; };
/* End PBXFileReference section */

/* Begin PBXFrameworksBuildPhase section */
		C37D63B11C19FE0D009C9C66 /* Frameworks */ = {
			isa = PBXFrameworksBuildPhase;
			buildActionMask = 2147483647;
			files = (
				00B212581C260C3D0070E081 /* ParseUI.framework in Frameworks */,
				C37D63CC1C19FE76009C9C66 /* Social.framework in Frameworks */,
				000F7A711C21B18B00B89FE2 /* ParseCrashReporting.framework in Frameworks */,
				C37D63CA1C19FE6F009C9C66 /* Accounts.framework in Frameworks */,
				B0D6A62A46096A13B9D683D0 /* Pods_UrZone.framework in Frameworks */,
				00E0AB431C1A219C00A01934 /* Bolts.framework in Frameworks */,
				00E0AB4A1C1A2E5500A01934 /* FBSDKCoreKit.framework in Frameworks */,
				00E0AB4C1C1A2E5500A01934 /* FBSDKShareKit.framework in Frameworks */,
				00E0AB4B1C1A2E5500A01934 /* FBSDKLoginKit.framework in Frameworks */,
				00E0AB441C1A219C00A01934 /* Parse.framework in Frameworks */,
				00E0AB501C1A3B3300A01934 /* ParseFacebookUtilsV4.framework in Frameworks */,
			);
			runOnlyForDeploymentPostprocessing = 0;
		};
/* End PBXFrameworksBuildPhase section */

/* Begin PBXGroup section */
		001B7DFA1C38D79B006C21C7 /* TextFieldEffects */ = {
			isa = PBXGroup;
			children = (
				001B7DFB1C38D79B006C21C7 /* AkiraTextField.swift */,
				001B7DFC1C38D79B006C21C7 /* HoshiTextField.swift */,
				001B7DFD1C38D79B006C21C7 /* Info.plist */,
				001B7DFE1C38D79B006C21C7 /* IsaoTextField.swift */,
				001B7DFF1C38D79B006C21C7 /* JiroTextField.swift */,
				001B7E001C38D79B006C21C7 /* KaedeTextField.swift */,
				001B7E011C38D79B006C21C7 /* MadokaTextField.swift */,
				001B7E021C38D79B006C21C7 /* MinoruTextField.swift */,
				001B7E031C38D79B006C21C7 /* TextFieldEffects.h */,
				001B7E041C38D79B006C21C7 /* TextFieldsEffects.swift */,
				001B7E051C38D79B006C21C7 /* YokoTextField.swift */,
				001B7E061C38D79B006C21C7 /* YoshikoTextField.swift */,
			);
			path = TextFieldEffects;
			sourceTree = "<group>";
		};
		001B7E141C38DCB1006C21C7 /* border_base_future */ = {
			isa = PBXGroup;
			children = (
				001B7E151C38DCB1006C21C7 /* BorderBase Italic.ttf */,
				001B7E161C38DCB1006C21C7 /* BorderBase.ttf */,
			);
			name = border_base_future;
			path = TextFieldEffects/border_base_future;
			sourceTree = "<group>";
		};
		001F74E41C1A018100D9C33F /* Abandoned Frameworks */ = {
			isa = PBXGroup;
			children = (
				00B212571C260C3D0070E081 /* ParseUI.framework */,
				000F7A701C21B18B00B89FE2 /* ParseCrashReporting.framework */,
				00E0AB471C1A2E5500A01934 /* FBSDKCoreKit.framework */,
				00E0AB481C1A2E5500A01934 /* FBSDKLoginKit.framework */,
				00E0AB491C1A2E5500A01934 /* FBSDKShareKit.framework */,
				00E0AB4E1C1A3B3300A01934 /* ParseFacebookUtilsV4.framework */,
				00E0AB401C1A219C00A01934 /* Bolts.framework */,
				00E0AB411C1A219C00A01934 /* Parse.framework */,
				C37D63CB1C19FE76009C9C66 /* Social.framework */,
				C37D63C91C19FE6F009C9C66 /* Accounts.framework */,
			);
			name = "Abandoned Frameworks";
			sourceTree = "<group>";
		};
		0074F1391C3B72EA00BEFD47 /* View Controllers */ = {
			isa = PBXGroup;
			children = (
				C37D63B71C19FE0D009C9C66 /* AppDelegate.swift */,
				00E0AB3C1C1A1EAB00A01934 /* SignInViewController.swift */,
				C35FBE421C286F530072DFA5 /* ClassicSignupViewController.swift */,
				000F7A721C21B98500B89FE2 /* ChatViewController.swift */,
				C3E3EF551C29B0D20014CD16 /* DetectBeaconsViewController.swift */,
				000F7A741C21BD1600B89FE2 /* ChatCell.swift */,
				00E779E91C39EDF000176802 /* PasswordRecoverViewController.swift */,
			);
			name = "View Controllers";
			sourceTree = "<group>";
		};
		0074F1751C3C2F9E00BEFD47 /* AppIcon.appiconset */ = {
			isa = PBXGroup;
			children = (
				0074F1761C3C2F9E00BEFD47 /* Contents.json */,
			);
			name = AppIcon.appiconset;
			path = AppIcons.appiconset;
			sourceTree = "<group>";
		};
		0074F1C01C3C315D00BEFD47 /* Defaults */ = {
			isa = PBXGroup;
			children = (
				C37D63C31C19FE0D009C9C66 /* Info.plist */,
				C31F84A21C2AEE2000366BA3 /* Main.storyboard */,
				C37D63BE1C19FE0D009C9C66 /* Assets.xcassets */,
				C37D63C01C19FE0D009C9C66 /* LaunchScreen.storyboard */,
			);
			name = Defaults;
			sourceTree = "<group>";
		};
		00E0AB461C1A21C100A01934 /* Dem PNGs */ = {
			isa = PBXGroup;
			children = (
				001B7E191C38EAC7006C21C7 /* urZoneBackground.jpg */,
				00FB90051C3CAEA3006ED82D /* Quote-50-8.png */,
				00FB8FFD1C3C9B0C006ED82D /* Quote-50-4.png */,
				00FB90031C3CA6AC006ED82D /* Quote-50-7.png */,
				001B7E1B1C38EC82006C21C7 /* fbButton.png */,
				00FB90011C3CA1C5006ED82D /* Quote-50-6.png */,
				00E779E61C39E20500176802 /* 1451884235_Lock.png */,
				0074F13C1C3B7CD100BEFD47 /* Quote-50.png */,
				00EF7C1B1C39127A00AC214F /* login-button.png */,
				001B7E1D1C38EC8A006C21C7 /* twitterButton.png */,
				001B7E2B1C38FAF5006C21C7 /* Add User-52.png */,
				001B7E1F1C38ED19006C21C7 /* signUp.jpg */,
			);
			name = "Dem PNGs";
			sourceTree = "<group>";
		};
		00FB900F1C3CC790006ED82D /* Chat Views */ = {
			isa = PBXGroup;
			children = (
				00FB90071C3CC723006ED82D /* FridgeChatViewController.swift */,
				00FB900B1C3CC75E006ED82D /* RRChatViewController.swift */,
				00FB900D1C3CC776006ED82D /* SamsChatViewController.swift */,
				00FB90091C3CC73D006ED82D /* WindowChatViewController.swift */,
			);
			name = "Chat Views";
			sourceTree = "<group>";
		};
		00FB90101C3CC7B7006ED82D /* Extras */ = {
			isa = PBXGroup;
			children = (
				0074F1751C3C2F9E00BEFD47 /* AppIcon.appiconset */,
				C39F315F1C2B17BE0003CE99 /* myZoneWav.wav */,
				001B7E141C38DCB1006C21C7 /* border_base_future */,
				001B7DFA1C38D79B006C21C7 /* TextFieldEffects */,
			);
			name = Extras;
			path = UrZone;
			sourceTree = "<group>";
		};
		00FB90191C3CC892006ED82D /* Chat Cells */ = {
			isa = PBXGroup;
			children = (
				00FB90111C3CC817006ED82D /* FridgeTableViewCell.swift */,
				00FB90171C3CC889006ED82D /* RRTableViewCell.swift */,
				00FB90151C3CC838006ED82D /* SamsTableViewCell.swift */,
				00FB90131C3CC826006ED82D /* WindowTableViewCell.swift */,
			);
			name = "Chat Cells";
			sourceTree = "<group>";
		};
		347EC20C8725794EBDB7E881 /* Pods */ = {
			isa = PBXGroup;
			children = (
				56C2BDC888042443D29ABD78 /* Pods-UrZone.debug.xcconfig */,
				608A0244C9211D69FFC8C5DF /* Pods-UrZone.release.xcconfig */,
			);
			name = Pods;
			sourceTree = "<group>";
		};
		A4B9FAA6CF8D5B0B9AAE56B8 /* Frameworks */ = {
			isa = PBXGroup;
			children = (
				5195FD04410578C494BDA565 /* Pods_UrZone.framework */,
			);
			name = Frameworks;
			sourceTree = "<group>";
		};
		C37D63AB1C19FE0D009C9C66 = {
			isa = PBXGroup;
			children = (
				C37D63B61C19FE0D009C9C66 /* UrZone */,
				00FB90101C3CC7B7006ED82D /* Extras */,
				C37D63B51C19FE0D009C9C66 /* Products */,
				A4B9FAA6CF8D5B0B9AAE56B8 /* Frameworks */,
				001F74E41C1A018100D9C33F /* Abandoned Frameworks */,
				347EC20C8725794EBDB7E881 /* Pods */,
			);
			sourceTree = "<group>";
		};
		C37D63B51C19FE0D009C9C66 /* Products */ = {
			isa = PBXGroup;
			children = (
				C37D63B41C19FE0D009C9C66 /* UrZone.app */,
			);
			name = Products;
			sourceTree = "<group>";
		};
		C37D63B61C19FE0D009C9C66 /* UrZone */ = {
			isa = PBXGroup;
			children = (
				0074F1391C3B72EA00BEFD47 /* View Controllers */,
				00FB900F1C3CC790006ED82D /* Chat Views */,
				00FB90191C3CC892006ED82D /* Chat Cells */,
				0074F1C01C3C315D00BEFD47 /* Defaults */,
				00E0AB461C1A21C100A01934 /* Dem PNGs */,
			);
			path = UrZone;
			sourceTree = "<group>";
		};
/* End PBXGroup section */

/* Begin PBXNativeTarget section */
		C37D63B31C19FE0D009C9C66 /* UrZone */ = {
			isa = PBXNativeTarget;
			buildConfigurationList = C37D63C61C19FE0D009C9C66 /* Build configuration list for PBXNativeTarget "UrZone" */;
			buildPhases = (
				9F72E9C9B416561019FCA746 /* Check Pods Manifest.lock */,
				C37D63B01C19FE0D009C9C66 /* Sources */,
				C37D63B11C19FE0D009C9C66 /* Frameworks */,
				C37D63B21C19FE0D009C9C66 /* Resources */,
				EADF41BA0BDF3120FE6CB270 /* Embed Pods Frameworks */,
				84E51D428B64F06F0F9AAD42 /* Copy Pods Resources */,
			);
			buildRules = (
			);
			dependencies = (
			);
			name = UrZone;
			productName = UrZone;
			productReference = C37D63B41C19FE0D009C9C66 /* UrZone.app */;
			productType = "com.apple.product-type.application";
		};
/* End PBXNativeTarget section */

/* Begin PBXProject section */
		C37D63AC1C19FE0D009C9C66 /* Project object */ = {
			isa = PBXProject;
			attributes = {
				LastSwiftUpdateCheck = 0710;
				LastUpgradeCheck = 0710;
				ORGANIZATIONNAME = "The Iron Yard";
				TargetAttributes = {
					C37D63B31C19FE0D009C9C66 = {
						CreatedOnToolsVersion = 7.1;
						DevelopmentTeam = BBMX4YUNT7;
					};
				};
			};
			buildConfigurationList = C37D63AF1C19FE0D009C9C66 /* Build configuration list for PBXProject "UrZone" */;
			compatibilityVersion = "Xcode 3.2";
			developmentRegion = English;
			hasScannedForEncodings = 0;
			knownRegions = (
				en,
				Base,
			);
			mainGroup = C37D63AB1C19FE0D009C9C66;
			productRefGroup = C37D63B51C19FE0D009C9C66 /* Products */;
			projectDirPath = "";
			projectRoot = "";
			targets = (
				C37D63B31C19FE0D009C9C66 /* UrZone */,
			);
		};
/* End PBXProject section */

/* Begin PBXResourcesBuildPhase section */
		C37D63B21C19FE0D009C9C66 /* Resources */ = {
			isa = PBXResourcesBuildPhase;
			buildActionMask = 2147483647;
			files = (
				001B7E2C1C38FAF5006C21C7 /* Add User-52.png in Resources */,
				001B7E091C38D79B006C21C7 /* Info.plist in Resources */,
				0074F1821C3C2F9E00BEFD47 /* Contents.json in Resources */,
				001B7E1C1C38EC82006C21C7 /* fbButton.png in Resources */,
				C37D63C21C19FE0D009C9C66 /* LaunchScreen.storyboard in Resources */,
				001B7E171C38DCB1006C21C7 /* BorderBase Italic.ttf in Resources */,
				C31F84A31C2AEE2000366BA3 /* Main.storyboard in Resources */,
				C39F31601C2B17BE0003CE99 /* myZoneWav.wav in Resources */,
				C37D63BF1C19FE0D009C9C66 /* Assets.xcassets in Resources */,
				00EF7C1C1C39127A00AC214F /* login-button.png in Resources */,
				00FB8FFE1C3C9B0C006ED82D /* Quote-50-4.png in Resources */,
				001B7E181C38DCB1006C21C7 /* BorderBase.ttf in Resources */,
				00E779E81C39E20500176802 /* 1451884235_Lock.png in Resources */,
				00FB90041C3CA6AC006ED82D /* Quote-50-7.png in Resources */,
				001B7E1E1C38EC8A006C21C7 /* twitterButton.png in Resources */,
				001B7E1A1C38EAC7006C21C7 /* urZoneBackground.jpg in Resources */,
				001B7E201C38ED19006C21C7 /* signUp.jpg in Resources */,
				0074F13D1C3B7CD100BEFD47 /* Quote-50.png in Resources */,
				00FB90021C3CA1C5006ED82D /* Quote-50-6.png in Resources */,
				00FB90061C3CAEA3006ED82D /* Quote-50-8.png in Resources */,
			);
			runOnlyForDeploymentPostprocessing = 0;
		};
/* End PBXResourcesBuildPhase section */

/* Begin PBXShellScriptBuildPhase section */
		84E51D428B64F06F0F9AAD42 /* Copy Pods Resources */ = {
			isa = PBXShellScriptBuildPhase;
			buildActionMask = 2147483647;
			files = (
			);
			inputPaths = (
			);
			name = "Copy Pods Resources";
			outputPaths = (
			);
			runOnlyForDeploymentPostprocessing = 0;
			shellPath = /bin/sh;
			shellScript = "\"${SRCROOT}/Pods/Target Support Files/Pods-UrZone/Pods-UrZone-resources.sh\"\n";
			showEnvVarsInLog = 0;
		};
		9F72E9C9B416561019FCA746 /* Check Pods Manifest.lock */ = {
			isa = PBXShellScriptBuildPhase;
			buildActionMask = 2147483647;
			files = (
			);
			inputPaths = (
			);
			name = "Check Pods Manifest.lock";
			outputPaths = (
			);
			runOnlyForDeploymentPostprocessing = 0;
			shellPath = /bin/sh;
			shellScript = "diff \"${PODS_ROOT}/../Podfile.lock\" \"${PODS_ROOT}/Manifest.lock\" > /dev/null\nif [[ $? != 0 ]] ; then\n    cat << EOM\nerror: The sandbox is not in sync with the Podfile.lock. Run 'pod install' or update your CocoaPods installation.\nEOM\n    exit 1\nfi\n";
			showEnvVarsInLog = 0;
		};
		EADF41BA0BDF3120FE6CB270 /* Embed Pods Frameworks */ = {
			isa = PBXShellScriptBuildPhase;
			buildActionMask = 2147483647;
			files = (
			);
			inputPaths = (
			);
			name = "Embed Pods Frameworks";
			outputPaths = (
			);
			runOnlyForDeploymentPostprocessing = 0;
			shellPath = /bin/sh;
			shellScript = "\"${SRCROOT}/Pods/Target Support Files/Pods-UrZone/Pods-UrZone-frameworks.sh\"\n";
			showEnvVarsInLog = 0;
		};
/* End PBXShellScriptBuildPhase section */

/* Begin PBXSourcesBuildPhase section */
		C37D63B01C19FE0D009C9C66 /* Sources */ = {
			isa = PBXSourcesBuildPhase;
			buildActionMask = 2147483647;
			files = (
				00FB900C1C3CC75E006ED82D /* RRChatViewController.swift in Sources */,
				00FB90181C3CC889006ED82D /* RRTableViewCell.swift in Sources */,
				00FB90161C3CC838006ED82D /* SamsTableViewCell.swift in Sources */,
				00FB900E1C3CC776006ED82D /* SamsChatViewController.swift in Sources */,
				001B7E111C38D79B006C21C7 /* YoshikoTextField.swift in Sources */,
				00E779EA1C39EDF000176802 /* PasswordRecoverViewController.swift in Sources */,
				C35FBE431C286F530072DFA5 /* ClassicSignupViewController.swift in Sources */,
				00FB900A1C3CC73D006ED82D /* WindowChatViewController.swift in Sources */,
				001B7E0B1C38D79B006C21C7 /* JiroTextField.swift in Sources */,
				001B7E0C1C38D79B006C21C7 /* KaedeTextField.swift in Sources */,
				C37D63B81C19FE0D009C9C66 /* AppDelegate.swift in Sources */,
				001B7E071C38D79B006C21C7 /* AkiraTextField.swift in Sources */,
				001B7E081C38D79B006C21C7 /* HoshiTextField.swift in Sources */,
				001B7E0E1C38D79B006C21C7 /* MinoruTextField.swift in Sources */,
				001B7E0D1C38D79B006C21C7 /* MadokaTextField.swift in Sources */,
				000F7A751C21BD1600B89FE2 /* ChatCell.swift in Sources */,
				C3E3EF561C29B0D20014CD16 /* DetectBeaconsViewController.swift in Sources */,
				00FB90141C3CC826006ED82D /* WindowTableViewCell.swift in Sources */,
				001B7E0F1C38D79B006C21C7 /* TextFieldsEffects.swift in Sources */,
				001B7E101C38D79B006C21C7 /* YokoTextField.swift in Sources */,
				001B7E0A1C38D79B006C21C7 /* IsaoTextField.swift in Sources */,
				00FB90121C3CC817006ED82D /* FridgeTableViewCell.swift in Sources */,
				00FB90081C3CC723006ED82D /* FridgeChatViewController.swift in Sources */,
				000F7A731C21B98500B89FE2 /* ChatViewController.swift in Sources */,
				00E0AB3D1C1A1EAB00A01934 /* SignInViewController.swift in Sources */,
			);
			runOnlyForDeploymentPostprocessing = 0;
		};
/* End PBXSourcesBuildPhase section */

/* Begin PBXVariantGroup section */
		C37D63C01C19FE0D009C9C66 /* LaunchScreen.storyboard */ = {
			isa = PBXVariantGroup;
			children = (
				C37D63C11C19FE0D009C9C66 /* Base */,
			);
			name = LaunchScreen.storyboard;
			sourceTree = "<group>";
		};
/* End PBXVariantGroup section */

/* Begin XCBuildConfiguration section */
		C37D63C41C19FE0D009C9C66 /* Debug */ = {
			isa = XCBuildConfiguration;
			buildSettings = {
				ALWAYS_SEARCH_USER_PATHS = NO;
				CLANG_CXX_LANGUAGE_STANDARD = "gnu++0x";
				CLANG_CXX_LIBRARY = "libc++";
				CLANG_ENABLE_MODULES = YES;
				CLANG_ENABLE_OBJC_ARC = YES;
				CLANG_WARN_BOOL_CONVERSION = YES;
				CLANG_WARN_CONSTANT_CONVERSION = YES;
				CLANG_WARN_DIRECT_OBJC_ISA_USAGE = YES_ERROR;
				CLANG_WARN_EMPTY_BODY = YES;
				CLANG_WARN_ENUM_CONVERSION = YES;
				CLANG_WARN_INT_CONVERSION = YES;
				CLANG_WARN_OBJC_ROOT_CLASS = YES_ERROR;
				CLANG_WARN_UNREACHABLE_CODE = YES;
				CLANG_WARN__DUPLICATE_METHOD_MATCH = YES;
				"CODE_SIGN_IDENTITY[sdk=iphoneos*]" = "iPhone Developer";
				COPY_PHASE_STRIP = NO;
				DEBUG_INFORMATION_FORMAT = dwarf;
				ENABLE_STRICT_OBJC_MSGSEND = YES;
				ENABLE_TESTABILITY = YES;
				GCC_C_LANGUAGE_STANDARD = gnu99;
				GCC_DYNAMIC_NO_PIC = NO;
				GCC_NO_COMMON_BLOCKS = YES;
				GCC_OPTIMIZATION_LEVEL = 0;
				GCC_PREPROCESSOR_DEFINITIONS = (
					"DEBUG=1",
					"$(inherited)",
				);
				GCC_WARN_64_TO_32_BIT_CONVERSION = YES;
				GCC_WARN_ABOUT_RETURN_TYPE = YES_ERROR;
				GCC_WARN_UNDECLARED_SELECTOR = YES;
				GCC_WARN_UNINITIALIZED_AUTOS = YES_AGGRESSIVE;
				GCC_WARN_UNUSED_FUNCTION = YES;
				GCC_WARN_UNUSED_VARIABLE = YES;
				IPHONEOS_DEPLOYMENT_TARGET = 9.1;
				MTL_ENABLE_DEBUG_INFO = YES;
				ONLY_ACTIVE_ARCH = YES;
				SDKROOT = iphoneos;
				SWIFT_OPTIMIZATION_LEVEL = "-Onone";
			};
			name = Debug;
		};
		C37D63C51C19FE0D009C9C66 /* Release */ = {
			isa = XCBuildConfiguration;
			buildSettings = {
				ALWAYS_SEARCH_USER_PATHS = NO;
				CLANG_CXX_LANGUAGE_STANDARD = "gnu++0x";
				CLANG_CXX_LIBRARY = "libc++";
				CLANG_ENABLE_MODULES = YES;
				CLANG_ENABLE_OBJC_ARC = YES;
				CLANG_WARN_BOOL_CONVERSION = YES;
				CLANG_WARN_CONSTANT_CONVERSION = YES;
				CLANG_WARN_DIRECT_OBJC_ISA_USAGE = YES_ERROR;
				CLANG_WARN_EMPTY_BODY = YES;
				CLANG_WARN_ENUM_CONVERSION = YES;
				CLANG_WARN_INT_CONVERSION = YES;
				CLANG_WARN_OBJC_ROOT_CLASS = YES_ERROR;
				CLANG_WARN_UNREACHABLE_CODE = YES;
				CLANG_WARN__DUPLICATE_METHOD_MATCH = YES;
				"CODE_SIGN_IDENTITY[sdk=iphoneos*]" = "iPhone Developer";
				COPY_PHASE_STRIP = NO;
				DEBUG_INFORMATION_FORMAT = "dwarf-with-dsym";
				ENABLE_NS_ASSERTIONS = NO;
				ENABLE_STRICT_OBJC_MSGSEND = YES;
				GCC_C_LANGUAGE_STANDARD = gnu99;
				GCC_NO_COMMON_BLOCKS = YES;
				GCC_WARN_64_TO_32_BIT_CONVERSION = YES;
				GCC_WARN_ABOUT_RETURN_TYPE = YES_ERROR;
				GCC_WARN_UNDECLARED_SELECTOR = YES;
				GCC_WARN_UNINITIALIZED_AUTOS = YES_AGGRESSIVE;
				GCC_WARN_UNUSED_FUNCTION = YES;
				GCC_WARN_UNUSED_VARIABLE = YES;
				IPHONEOS_DEPLOYMENT_TARGET = 9.1;
				MTL_ENABLE_DEBUG_INFO = NO;
				SDKROOT = iphoneos;
				VALIDATE_PRODUCT = YES;
			};
			name = Release;
		};
		C37D63C71C19FE0D009C9C66 /* Debug */ = {
			isa = XCBuildConfiguration;
			baseConfigurationReference = 56C2BDC888042443D29ABD78 /* Pods-UrZone.debug.xcconfig */;
			buildSettings = {
				ASSETCATALOG_COMPILER_APPICON_NAME = AppIcon;
				CODE_SIGN_IDENTITY = "iPhone Developer";
				"CODE_SIGN_IDENTITY[sdk=iphoneos*]" = "iPhone Developer";
				FRAMEWORK_SEARCH_PATHS = (
					"$(PROJECT_DIR)/UrZone",
					"$(PROJECT_DIR)",
				);
				INFOPLIST_FILE = UrZone/Info.plist;
				LD_RUNPATH_SEARCH_PATHS = "$(inherited) @executable_path/Frameworks";
				PRODUCT_BUNDLE_IDENTIFIER = com.tiiy.UrZonePhil;
				PRODUCT_NAME = "$(TARGET_NAME)";
				PROVISIONING_PROFILE = "";
				TARGETED_DEVICE_FAMILY = 1;
			};
			name = Debug;
		};
		C37D63C81C19FE0D009C9C66 /* Release */ = {
			isa = XCBuildConfiguration;
			baseConfigurationReference = 608A0244C9211D69FFC8C5DF /* Pods-UrZone.release.xcconfig */;
			buildSettings = {
				ASSETCATALOG_COMPILER_APPICON_NAME = AppIcon;
				CODE_SIGN_IDENTITY = "iPhone Developer";
				"CODE_SIGN_IDENTITY[sdk=iphoneos*]" = "iPhone Developer";
				FRAMEWORK_SEARCH_PATHS = (
					"$(PROJECT_DIR)/UrZone",
					"$(PROJECT_DIR)",
				);
				INFOPLIST_FILE = UrZone/Info.plist;
				LD_RUNPATH_SEARCH_PATHS = "$(inherited) @executable_path/Frameworks";
				PRODUCT_BUNDLE_IDENTIFIER = com.tiiy.UrZonePhil;
				PRODUCT_NAME = "$(TARGET_NAME)";
				PROVISIONING_PROFILE = "";
				TARGETED_DEVICE_FAMILY = 1;
			};
			name = Release;
		};
/* End XCBuildConfiguration section */

/* Begin XCConfigurationList section */
		C37D63AF1C19FE0D009C9C66 /* Build configuration list for PBXProject "UrZone" */ = {
			isa = XCConfigurationList;
			buildConfigurations = (
				C37D63C41C19FE0D009C9C66 /* Debug */,
				C37D63C51C19FE0D009C9C66 /* Release */,
			);
			defaultConfigurationIsVisible = 0;
			defaultConfigurationName = Release;
		};
		C37D63C61C19FE0D009C9C66 /* Build configuration list for PBXNativeTarget "UrZone" */ = {
			isa = XCConfigurationList;
			buildConfigurations = (
				C37D63C71C19FE0D009C9C66 /* Debug */,
				C37D63C81C19FE0D009C9C66 /* Release */,
			);
			defaultConfigurationIsVisible = 0;
			defaultConfigurationName = Release;
		};
/* End XCConfigurationList section */
	};
	rootObject = C37D63AC1C19FE0D009C9C66 /* Project object */;
}
